// !$*UTF8*$!
{
	archiveVersion = 1;
	classes = {
	};
	objectVersion = 46;
	objects = {

/* Begin PBXBuildFile section */
		5DAB85221A6ABA7D00CDDCA6 /* libz.1.2.5.dylib in Frameworks */ = {isa = PBXBuildFile; fileRef = 5DAB85211A6ABA7D00CDDCA6 /* libz.1.2.5.dylib */; };
		66DBA8231A5B9522003F907C /* main.cpp in Sources */ = {isa = PBXBuildFile; fileRef = 66DBA8221A5B9522003F907C /* main.cpp */; };
		66DBA82B1A5B9535003F907C /* Writer.cpp in Sources */ = {isa = PBXBuildFile; fileRef = 66DBA8291A5B9535003F907C /* Writer.cpp */; };
		66DBA82E1A5B9542003F907C /* Reader.cpp in Sources */ = {isa = PBXBuildFile; fileRef = 66DBA82C1A5B9542003F907C /* Reader.cpp */; };
/* End PBXBuildFile section */

/* Begin PBXCopyFilesBuildPhase section */
		66DBA81D1A5B9522003F907C /* CopyFiles */ = {
			isa = PBXCopyFilesBuildPhase;
			buildActionMask = 2147483647;
			dstPath = /usr/share/man/man1/;
			dstSubfolderSpec = 0;
			files = (
			);
			runOnlyForDeploymentPostprocessing = 1;
		};
/* End PBXCopyFilesBuildPhase section */

/* Begin PBXFileReference section */
		5DAB85211A6ABA7D00CDDCA6 /* libz.1.2.5.dylib */ = {isa = PBXFileReference; lastKnownFileType = "compiled.mach-o.dylib"; name = libz.1.2.5.dylib; path = usr/lib/libz.1.2.5.dylib; sourceTree = SDKROOT; };
		5DF1B63B1A6A6DA5007B34DD /* GameLayer.ccbi */ = {isa = PBXFileReference; lastKnownFileType = file; path = GameLayer.ccbi; sourceTree = "<group>"; };
		5DF1B63C1A6A6DA5007B34DD /* ui.plist */ = {isa = PBXFileReference; fileEncoding = 4; lastKnownFileType = text.plist.xml; path = ui.plist; sourceTree = "<group>"; };
		5DF1B63D1A6A6DA5007B34DD /* ui.png */ = {isa = PBXFileReference; lastKnownFileType = image.png; path = ui.png; sourceTree = "<group>"; };
		5DF1B63E1A6A6DA5007B34DD /* ui_click.mp3 */ = {isa = PBXFileReference; lastKnownFileType = audio.mp3; path = ui_click.mp3; sourceTree = "<group>"; };
		66DBA81F1A5B9522003F907C /* MutileFilePacker */ = {isa = PBXFileReference; explicitFileType = "compiled.mach-o.executable"; includeInIndex = 0; path = MutileFilePacker; sourceTree = BUILT_PRODUCTS_DIR; };
		66DBA8221A5B9522003F907C /* main.cpp */ = {isa = PBXFileReference; lastKnownFileType = sourcecode.cpp.cpp; path = main.cpp; sourceTree = "<group>"; };
		66DBA8291A5B9535003F907C /* Writer.cpp */ = {isa = PBXFileReference; fileEncoding = 4; lastKnownFileType = sourcecode.cpp.cpp; path = Writer.cpp; sourceTree = "<group>"; };
		66DBA82A1A5B9535003F907C /* Writer.h */ = {isa = PBXFileReference; fileEncoding = 4; lastKnownFileType = sourcecode.c.h; path = Writer.h; sourceTree = "<group>"; };
		66DBA82C1A5B9542003F907C /* Reader.cpp */ = {isa = PBXFileReference; fileEncoding = 4; lastKnownFileType = sourcecode.cpp.cpp; path = Reader.cpp; sourceTree = "<group>"; };
		66DBA82D1A5B9542003F907C /* Reader.h */ = {isa = PBXFileReference; fileEncoding = 4; lastKnownFileType = sourcecode.c.h; path = Reader.h; sourceTree = "<group>"; };
		66DBA8301A5BAAE4003F907C /* Constant.h */ = {isa = PBXFileReference; fileEncoding = 4; lastKnownFileType = sourcecode.c.h; name = Constant.h; path = ../Constant.h; sourceTree = "<group>"; };
/* End PBXFileReference section */

/* Begin PBXFrameworksBuildPhase section */
		66DBA81C1A5B9522003F907C /* Frameworks */ = {
			isa = PBXFrameworksBuildPhase;
			buildActionMask = 2147483647;
			files = (
				5DAB85221A6ABA7D00CDDCA6 /* libz.1.2.5.dylib in Frameworks */,
			);
			runOnlyForDeploymentPostprocessing = 0;
		};
/* End PBXFrameworksBuildPhase section */

/* Begin PBXGroup section */
		5DF1B63A1A6A6DA5007B34DD /* Resources */ = {
			isa = PBXGroup;
			children = (
				5DF1B63B1A6A6DA5007B34DD /* GameLayer.ccbi */,
				5DF1B63C1A6A6DA5007B34DD /* ui.plist */,
				5DF1B63D1A6A6DA5007B34DD /* ui.png */,
				5DF1B63E1A6A6DA5007B34DD /* ui_click.mp3 */,
			);
			path = Resources;
			sourceTree = "<group>";
		};
		66DBA8161A5B9522003F907C = {
			isa = PBXGroup;
			children = (
				5DAB85211A6ABA7D00CDDCA6 /* libz.1.2.5.dylib */,
				66DBA8211A5B9522003F907C /* MutileFilePacker */,
				66DBA8201A5B9522003F907C /* Products */,
			);
			sourceTree = "<group>";
		};
		66DBA8201A5B9522003F907C /* Products */ = {
			isa = PBXGroup;
			children = (
				66DBA81F1A5B9522003F907C /* MutileFilePacker */,
			);
			name = Products;
			sourceTree = "<group>";
		};
		66DBA8211A5B9522003F907C /* MutileFilePacker */ = {
			isa = PBXGroup;
			children = (
				5DF1B63A1A6A6DA5007B34DD /* Resources */,
				66DBA8301A5BAAE4003F907C /* Constant.h */,
				66DBA8221A5B9522003F907C /* main.cpp */,
				66DBA8291A5B9535003F907C /* Writer.cpp */,
				66DBA82A1A5B9535003F907C /* Writer.h */,
				66DBA82C1A5B9542003F907C /* Reader.cpp */,
				66DBA82D1A5B9542003F907C /* Reader.h */,
			);
			path = MutileFilePacker;
			sourceTree = "<group>";
		};
/* End PBXGroup section */

/* Begin PBXNativeTarget section */
		66DBA81E1A5B9522003F907C /* MutileFilePacker */ = {
			isa = PBXNativeTarget;
			buildConfigurationList = 66DBA8261A5B9522003F907C /* Build configuration list for PBXNativeTarget "MutileFilePacker" */;
			buildPhases = (
				66DBA81B1A5B9522003F907C /* Sources */,
				66DBA81C1A5B9522003F907C /* Frameworks */,
				66DBA81D1A5B9522003F907C /* CopyFiles */,
			);
			buildRules = (
			);
			dependencies = (
			);
			name = MutileFilePacker;
			productName = MutileFilePacker;
			productReference = 66DBA81F1A5B9522003F907C /* MutileFilePacker */;
			productType = "com.apple.product-type.tool";
		};
/* End PBXNativeTarget section */

/* Begin PBXProject section */
		66DBA8171A5B9522003F907C /* Project object */ = {
			isa = PBXProject;
			attributes = {
				LastUpgradeCheck = 0610;
				ORGANIZATIONNAME = Razer;
				TargetAttributes = {
					66DBA81E1A5B9522003F907C = {
						CreatedOnToolsVersion = 6.1.1;
					};
				};
			};
			buildConfigurationList = 66DBA81A1A5B9522003F907C /* Build configuration list for PBXProject "MutileFilePacker" */;
			compatibilityVersion = "Xcode 3.2";
			developmentRegion = English;
			hasScannedForEncodings = 0;
			knownRegions = (
				en,
			);
			mainGroup = 66DBA8161A5B9522003F907C;
			productRefGroup = 66DBA8201A5B9522003F907C /* Products */;
			projectDirPath = "";
			projectRoot = "";
			targets = (
				66DBA81E1A5B9522003F907C /* MutileFilePacker */,
			);
		};
/* End PBXProject section */

/* Begin PBXSourcesBuildPhase section */
		66DBA81B1A5B9522003F907C /* Sources */ = {
			isa = PBXSourcesBuildPhase;
			buildActionMask = 2147483647;
			files = (
				66DBA82B1A5B9535003F907C /* Writer.cpp in Sources */,
				66DBA82E1A5B9542003F907C /* Reader.cpp in Sources */,
				66DBA8231A5B9522003F907C /* main.cpp in Sources */,
			);
			runOnlyForDeploymentPostprocessing = 0;
		};
/* End PBXSourcesBuildPhase section */

/* Begin XCBuildConfiguration section */
		66DBA8241A5B9522003F907C /* Debug */ = {
			isa = XCBuildConfiguration;
			buildSettings = {
				ALWAYS_SEARCH_USER_PATHS = NO;
				CLANG_CXX_LANGUAGE_STANDARD = "gnu++0x";
				CLANG_CXX_LIBRARY = "libc++";
				CLANG_ENABLE_MODULES = YES;
				CLANG_ENABLE_OBJC_ARC = YES;
				CLANG_WARN_BOOL_CONVERSION = YES;
				CLANG_WARN_CONSTANT_CONVERSION = YES;
				CLANG_WARN_DIRECT_OBJC_ISA_USAGE = YES_ERROR;
				CLANG_WARN_EMPTY_BODY = YES;
				CLANG_WARN_ENUM_CONVERSION = YES;
				CLANG_WARN_INT_CONVERSION = YES;
				CLANG_WARN_OBJC_ROOT_CLASS = YES_ERROR;
				CLANG_WARN_UNREACHABLE_CODE = YES;
				CLANG_WARN__DUPLICATE_METHOD_MATCH = YES;
				COPY_PHASE_STRIP = NO;
				ENABLE_STRICT_OBJC_MSGSEND = YES;
				GCC_C_LANGUAGE_STANDARD = gnu99;
				GCC_DYNAMIC_NO_PIC = NO;
				GCC_OPTIMIZATION_LEVEL = 0;
				GCC_PREPROCESSOR_DEFINITIONS = (
					"DEBUG=1",
					"$(inherited)",
				);
				GCC_SYMBOLS_PRIVATE_EXTERN = NO;
				GCC_WARN_64_TO_32_BIT_CONVERSION = YES;
				GCC_WARN_ABOUT_RETURN_TYPE = YES_ERROR;
				GCC_WARN_UNDECLARED_SELECTOR = YES;
				GCC_WARN_UNINITIALIZED_AUTOS = YES_AGGRESSIVE;
				GCC_WARN_UNUSED_FUNCTION = YES;
				GCC_WARN_UNUSED_VARIABLE = YES;
				MACOSX_DEPLOYMENT_TARGET = 10.7;
				MTL_ENABLE_DEBUG_INFO = YES;
				ONLY_ACTIVE_ARCH = YES;
				SDKROOT = macosx;
			};
			name = Debug;
		};
		66DBA8251A5B9522003F907C /* Release */ = {
			isa = XCBuildConfiguration;
			buildSettings = {
				ALWAYS_SEARCH_USER_PATHS = NO;
				CLANG_CXX_LANGUAGE_STANDARD = "gnu++0x";
				CLANG_CXX_LIBRARY = "libc++";
				CLANG_ENABLE_MODULES = YES;
				CLANG_ENABLE_OBJC_ARC = YES;
				CLANG_WARN_BOOL_CONVERSION = YES;
				CLANG_WARN_CONSTANT_CONVERSION = YES;
				CLANG_WARN_DIRECT_OBJC_ISA_USAGE = YES_ERROR;
				CLANG_WARN_EMPTY_BODY = YES;
				CLANG_WARN_ENUM_CONVERSION = YES;
				CLANG_WARN_INT_CONVERSION = YES;
				CLANG_WARN_OBJC_ROOT_CLASS = YES_ERROR;
				CLANG_WARN_UNREACHABLE_CODE = YES;
				CLANG_WARN__DUPLICATE_METHOD_MATCH = YES;
				COPY_PHASE_STRIP = YES;
				DEBUG_INFORMATION_FORMAT = "dwarf-with-dsym";
				ENABLE_NS_ASSERTIONS = NO;
				ENABLE_STRICT_OBJC_MSGSEND = YES;
				GCC_C_LANGUAGE_STANDARD = gnu99;
				GCC_WARN_64_TO_32_BIT_CONVERSION = YES;
				GCC_WARN_ABOUT_RETURN_TYPE = YES_ERROR;
				GCC_WARN_UNDECLARED_SELECTOR = YES;
				GCC_WARN_UNINITIALIZED_AUTOS = YES_AGGRESSIVE;
				GCC_WARN_UNUSED_FUNCTION = YES;
				GCC_WARN_UNUSED_VARIABLE = YES;
				MACOSX_DEPLOYMENT_TARGET = 10.7;
				MTL_ENABLE_DEBUG_INFO = NO;
				SDKROOT = macosx;
			};
			name = Release;
		};
		66DBA8271A5B9522003F907C /* Debug */ = {
			isa = XCBuildConfiguration;
			buildSettings = {
				PRODUCT_NAME = "$(TARGET_NAME)";
			};
			name = Debug;
		};
		66DBA8281A5B9522003F907C /* Release */ = {
			isa = XCBuildConfiguration;
			buildSettings = {
				PRODUCT_NAME = "$(TARGET_NAME)";
			};
			name = Release;
		};
/* End XCBuildConfiguration section */

/* Begin XCConfigurationList section */
		66DBA81A1A5B9522003F907C /* Build configuration list for PBXProject "MutileFilePacker" */ = {
			isa = XCConfigurationList;
			buildConfigurations = (
				66DBA8241A5B9522003F907C /* Debug */,
				66DBA8251A5B9522003F907C /* Release */,
			);
			defaultConfigurationIsVisible = 0;
			defaultConfigurationName = Release;
		};
		66DBA8261A5B9522003F907C /* Build configuration list for PBXNativeTarget "MutileFilePacker" */ = {
			isa = XCConfigurationList;
			buildConfigurations = (
				66DBA8271A5B9522003F907C /* Debug */,
				66DBA8281A5B9522003F907C /* Release */,
			);
			defaultConfigurationIsVisible = 0;
			defaultConfigurationName = Release;
		};
/* End XCConfigurationList section */
	};
	rootObject = 66DBA8171A5B9522003F907C /* Project object */;
}
